// !$*UTF8*$!
{
	archiveVersion = 1;
	classes = {
	};
	objectVersion = 56;
	objects = {

/* Begin PBXBuildFile section */
		09B062762BAC186400C79B1D /* DragDropApp.swift in Sources */ = {isa = PBXBuildFile; fileRef = 09B062752BAC186400C79B1D /* DragDropApp.swift */; };
		09B062782BAC186400C79B1D /* ContentView.swift in Sources */ = {isa = PBXBuildFile; fileRef = 09B062772BAC186400C79B1D /* ContentView.swift */; };
		09B0627A2BAC186400C79B1D /* Item.swift in Sources */ = {isa = PBXBuildFile; fileRef = 09B062792BAC186400C79B1D /* Item.swift */; };
		09B0627C2BAC186500C79B1D /* Assets.xcassets in Resources */ = {isa = PBXBuildFile; fileRef = 09B0627B2BAC186500C79B1D /* Assets.xcassets */; };
		09B0627F2BAC186500C79B1D /* Preview Assets.xcassets in Resources */ = {isa = PBXBuildFile; fileRef = 09B0627E2BAC186500C79B1D /* Preview Assets.xcassets */; };
		09B062892BAC186500C79B1D /* DragDropTests.swift in Sources */ = {isa = PBXBuildFile; fileRef = 09B062882BAC186500C79B1D /* DragDropTests.swift */; };
		09B062932BAC186500C79B1D /* DragDropUITests.swift in Sources */ = {isa = PBXBuildFile; fileRef = 09B062922BAC186500C79B1D /* DragDropUITests.swift */; };
		09B062952BAC186500C79B1D /* DragDropUITestsLaunchTests.swift in Sources */ = {isa = PBXBuildFile; fileRef = 09B062942BAC186500C79B1D /* DragDropUITestsLaunchTests.swift */; };
		09B062A42BAC18E100C79B1D /* Task.swift in Sources */ = {isa = PBXBuildFile; fileRef = 09B062A32BAC18E100C79B1D /* Task.swift */; };
		09B062A62BAC1A9A00C79B1D /* CategoryPage.swift in Sources */ = {isa = PBXBuildFile; fileRef = 09B062A52BAC1A9A00C79B1D /* CategoryPage.swift */; };
		09B062A82BAC1ADC00C79B1D /* Category.swift in Sources */ = {isa = PBXBuildFile; fileRef = 09B062A72BAC1ADC00C79B1D /* Category.swift */; };
/* End PBXBuildFile section */

/* Begin PBXContainerItemProxy section */
		09B062852BAC186500C79B1D /* PBXContainerItemProxy */ = {
			isa = PBXContainerItemProxy;
			containerPortal = 09B0626A2BAC186400C79B1D /* Project object */;
			proxyType = 1;
			remoteGlobalIDString = 09B062712BAC186400C79B1D;
			remoteInfo = DragDrop;
		};
		09B0628F2BAC186500C79B1D /* PBXContainerItemProxy */ = {
			isa = PBXContainerItemProxy;
			containerPortal = 09B0626A2BAC186400C79B1D /* Project object */;
			proxyType = 1;
			remoteGlobalIDString = 09B062712BAC186400C79B1D;
			remoteInfo = DragDrop;
		};
/* End PBXContainerItemProxy section */

/* Begin PBXFileReference section */
		09B062722BAC186400C79B1D /* DragDrop.app */ = {isa = PBXFileReference; explicitFileType = wrapper.application; includeInIndex = 0; path = DragDrop.app; sourceTree = BUILT_PRODUCTS_DIR; };
		09B062752BAC186400C79B1D /* DragDropApp.swift */ = {isa = PBXFileReference; lastKnownFileType = sourcecode.swift; path = DragDropApp.swift; sourceTree = "<group>"; };
		09B062772BAC186400C79B1D /* ContentView.swift */ = {isa = PBXFileReference; lastKnownFileType = sourcecode.swift; path = ContentView.swift; sourceTree = "<group>"; };
		09B062792BAC186400C79B1D /* Item.swift */ = {isa = PBXFileReference; lastKnownFileType = sourcecode.swift; path = Item.swift; sourceTree = "<group>"; };
		09B0627B2BAC186500C79B1D /* Assets.xcassets */ = {isa = PBXFileReference; lastKnownFileType = folder.assetcatalog; path = Assets.xcassets; sourceTree = "<group>"; };
		09B0627E2BAC186500C79B1D /* Preview Assets.xcassets */ = {isa = PBXFileReference; lastKnownFileType = folder.assetcatalog; path = "Preview Assets.xcassets"; sourceTree = "<group>"; };
		09B062842BAC186500C79B1D /* DragDropTests.xctest */ = {isa = PBXFileReference; explicitFileType = wrapper.cfbundle; includeInIndex = 0; path = DragDropTests.xctest; sourceTree = BUILT_PRODUCTS_DIR; };
		09B062882BAC186500C79B1D /* DragDropTests.swift */ = {isa = PBXFileReference; lastKnownFileType = sourcecode.swift; path = DragDropTests.swift; sourceTree = "<group>"; };
		09B0628E2BAC186500C79B1D /* DragDropUITests.xctest */ = {isa = PBXFileReference; explicitFileType = wrapper.cfbundle; includeInIndex = 0; path = DragDropUITests.xctest; sourceTree = BUILT_PRODUCTS_DIR; };
		09B062922BAC186500C79B1D /* DragDropUITests.swift */ = {isa = PBXFileReference; lastKnownFileType = sourcecode.swift; path = DragDropUITests.swift; sourceTree = "<group>"; };
		09B062942BAC186500C79B1D /* DragDropUITestsLaunchTests.swift */ = {isa = PBXFileReference; lastKnownFileType = sourcecode.swift; path = DragDropUITestsLaunchTests.swift; sourceTree = "<group>"; };
		09B062A32BAC18E100C79B1D /* Task.swift */ = {isa = PBXFileReference; lastKnownFileType = sourcecode.swift; path = Task.swift; sourceTree = "<group>"; };
		09B062A52BAC1A9A00C79B1D /* CategoryPage.swift */ = {isa = PBXFileReference; lastKnownFileType = sourcecode.swift; path = CategoryPage.swift; sourceTree = "<group>"; };
		09B062A72BAC1ADC00C79B1D /* Category.swift */ = {isa = PBXFileReference; lastKnownFileType = sourcecode.swift; path = Category.swift; sourceTree = "<group>"; };
/* End PBXFileReference section */

/* Begin PBXFrameworksBuildPhase section */
		09B0626F2BAC186400C79B1D /* Frameworks */ = {
			isa = PBXFrameworksBuildPhase;
			buildActionMask = 2147483647;
			files = (
			);
			runOnlyForDeploymentPostprocessing = 0;
		};
		09B062812BAC186500C79B1D /* Frameworks */ = {
			isa = PBXFrameworksBuildPhase;
			buildActionMask = 2147483647;
			files = (
			);
			runOnlyForDeploymentPostprocessing = 0;
		};
		09B0628B2BAC186500C79B1D /* Frameworks */ = {
			isa = PBXFrameworksBuildPhase;
			buildActionMask = 2147483647;
			files = (
			);
			runOnlyForDeploymentPostprocessing = 0;
		};
/* End PBXFrameworksBuildPhase section */

/* Begin PBXGroup section */
		09B062692BAC186400C79B1D = {
			isa = PBXGroup;
			children = (
				09B062742BAC186400C79B1D /* DragDrop */,
				09B062872BAC186500C79B1D /* DragDropTests */,
				09B062912BAC186500C79B1D /* DragDropUITests */,
				09B062732BAC186400C79B1D /* Products */,
			);
			sourceTree = "<group>";
		};
		09B062732BAC186400C79B1D /* Products */ = {
			isa = PBXGroup;
			children = (
				09B062722BAC186400C79B1D /* DragDrop.app */,
				09B062842BAC186500C79B1D /* DragDropTests.xctest */,
				09B0628E2BAC186500C79B1D /* DragDropUITests.xctest */,
			);
			name = Products;
			sourceTree = "<group>";
		};
		09B062742BAC186400C79B1D /* DragDrop */ = {
			isa = PBXGroup;
			children = (
				09B062752BAC186400C79B1D /* DragDropApp.swift */,
				09B062A12BAC18B700C79B1D /* Model */,
				09B062A22BAC18BD00C79B1D /* View */,
				09B062772BAC186400C79B1D /* ContentView.swift */,
				09B062792BAC186400C79B1D /* Item.swift */,
				09B0627B2BAC186500C79B1D /* Assets.xcassets */,
				09B0627D2BAC186500C79B1D /* Preview Content */,
			);
			path = DragDrop;
			sourceTree = "<group>";
		};
		09B0627D2BAC186500C79B1D /* Preview Content */ = {
			isa = PBXGroup;
			children = (
				09B0627E2BAC186500C79B1D /* Preview Assets.xcassets */,
			);
			path = "Preview Content";
			sourceTree = "<group>";
		};
		09B062872BAC186500C79B1D /* DragDropTests */ = {
			isa = PBXGroup;
			children = (
				09B062882BAC186500C79B1D /* DragDropTests.swift */,
			);
			path = DragDropTests;
			sourceTree = "<group>";
		};
		09B062912BAC186500C79B1D /* DragDropUITests */ = {
			isa = PBXGroup;
			children = (
				09B062922BAC186500C79B1D /* DragDropUITests.swift */,
				09B062942BAC186500C79B1D /* DragDropUITestsLaunchTests.swift */,
			);
			path = DragDropUITests;
			sourceTree = "<group>";
		};
		09B062A12BAC18B700C79B1D /* Model */ = {
			isa = PBXGroup;
			children = (
				09B062A72BAC1ADC00C79B1D /* Category.swift */,
				09B062A32BAC18E100C79B1D /* Task.swift */,
			);
			path = Model;
			sourceTree = "<group>";
		};
		09B062A22BAC18BD00C79B1D /* View */ = {
			isa = PBXGroup;
			children = (
				09B062A52BAC1A9A00C79B1D /* CategoryPage.swift */,
			);
			path = View;
			sourceTree = "<group>";
		};
/* End PBXGroup section */

/* Begin PBXNativeTarget section */
		09B062712BAC186400C79B1D /* DragDrop */ = {
			isa = PBXNativeTarget;
			buildConfigurationList = 09B062982BAC186500C79B1D /* Build configuration list for PBXNativeTarget "DragDrop" */;
			buildPhases = (
				09B0626E2BAC186400C79B1D /* Sources */,
				09B0626F2BAC186400C79B1D /* Frameworks */,
				09B062702BAC186400C79B1D /* Resources */,
			);
			buildRules = (
			);
			dependencies = (
			);
			name = DragDrop;
			productName = DragDrop;
			productReference = 09B062722BAC186400C79B1D /* DragDrop.app */;
			productType = "com.apple.product-type.application";
		};
		09B062832BAC186500C79B1D /* DragDropTests */ = {
			isa = PBXNativeTarget;
			buildConfigurationList = 09B0629B2BAC186500C79B1D /* Build configuration list for PBXNativeTarget "DragDropTests" */;
			buildPhases = (
				09B062802BAC186500C79B1D /* Sources */,
				09B062812BAC186500C79B1D /* Frameworks */,
				09B062822BAC186500C79B1D /* Resources */,
			);
			buildRules = (
			);
			dependencies = (
				09B062862BAC186500C79B1D /* PBXTargetDependency */,
			);
			name = DragDropTests;
			productName = DragDropTests;
			productReference = 09B062842BAC186500C79B1D /* DragDropTests.xctest */;
			productType = "com.apple.product-type.bundle.unit-test";
		};
		09B0628D2BAC186500C79B1D /* DragDropUITests */ = {
			isa = PBXNativeTarget;
			buildConfigurationList = 09B0629E2BAC186500C79B1D /* Build configuration list for PBXNativeTarget "DragDropUITests" */;
			buildPhases = (
				09B0628A2BAC186500C79B1D /* Sources */,
				09B0628B2BAC186500C79B1D /* Frameworks */,
				09B0628C2BAC186500C79B1D /* Resources */,
			);
			buildRules = (
			);
			dependencies = (
				09B062902BAC186500C79B1D /* PBXTargetDependency */,
			);
			name = DragDropUITests;
			productName = DragDropUITests;
			productReference = 09B0628E2BAC186500C79B1D /* DragDropUITests.xctest */;
			productType = "com.apple.product-type.bundle.ui-testing";
		};
/* End PBXNativeTarget section */

/* Begin PBXProject section */
		09B0626A2BAC186400C79B1D /* Project object */ = {
			isa = PBXProject;
			attributes = {
				BuildIndependentTargetsInParallel = 1;
				LastSwiftUpdateCheck = 1530;
				LastUpgradeCheck = 1530;
				TargetAttributes = {
					09B062712BAC186400C79B1D = {
						CreatedOnToolsVersion = 15.3;
					};
					09B062832BAC186500C79B1D = {
						CreatedOnToolsVersion = 15.3;
						TestTargetID = 09B062712BAC186400C79B1D;
					};
					09B0628D2BAC186500C79B1D = {
						CreatedOnToolsVersion = 15.3;
						TestTargetID = 09B062712BAC186400C79B1D;
					};
				};
			};
			buildConfigurationList = 09B0626D2BAC186400C79B1D /* Build configuration list for PBXProject "DragDrop" */;
			compatibilityVersion = "Xcode 14.0";
			developmentRegion = en;
			hasScannedForEncodings = 0;
			knownRegions = (
				en,
				Base,
			);
			mainGroup = 09B062692BAC186400C79B1D;
			productRefGroup = 09B062732BAC186400C79B1D /* Products */;
			projectDirPath = "";
			projectRoot = "";
			targets = (
				09B062712BAC186400C79B1D /* DragDrop */,
				09B062832BAC186500C79B1D /* DragDropTests */,
				09B0628D2BAC186500C79B1D /* DragDropUITests */,
			);
		};
/* End PBXProject section */

/* Begin PBXResourcesBuildPhase section */
		09B062702BAC186400C79B1D /* Resources */ = {
			isa = PBXResourcesBuildPhase;
			buildActionMask = 2147483647;
			files = (
				09B0627F2BAC186500C79B1D /* Preview Assets.xcassets in Resources */,
				09B0627C2BAC186500C79B1D /* Assets.xcassets in Resources */,
			);
			runOnlyForDeploymentPostprocessing = 0;
		};
		09B062822BAC186500C79B1D /* Resources */ = {
			isa = PBXResourcesBuildPhase;
			buildActionMask = 2147483647;
			files = (
			);
			runOnlyForDeploymentPostprocessing = 0;
		};
		09B0628C2BAC186500C79B1D /* Resources */ = {
			isa = PBXResourcesBuildPhase;
			buildActionMask = 2147483647;
			files = (
			);
			runOnlyForDeploymentPostprocessing = 0;
		};
/* End PBXResourcesBuildPhase section */

/* Begin PBXSourcesBuildPhase section */
		09B0626E2BAC186400C79B1D /* Sources */ = {
			isa = PBXSourcesBuildPhase;
			buildActionMask = 2147483647;
			files = (
				09B062A42BAC18E100C79B1D /* Task.swift in Sources */,
				09B062782BAC186400C79B1D /* ContentView.swift in Sources */,
				09B0627A2BAC186400C79B1D /* Item.swift in Sources */,
				09B062762BAC186400C79B1D /* DragDropApp.swift in Sources */,
				09B062A62BAC1A9A00C79B1D /* CategoryPage.swift in Sources */,
				09B062A82BAC1ADC00C79B1D /* Category.swift in Sources */,
			);
			runOnlyForDeploymentPostprocessing = 0;
		};
		09B062802BAC186500C79B1D /* Sources */ = {
			isa = PBXSourcesBuildPhase;
			buildActionMask = 2147483647;
			files = (
				09B062892BAC186500C79B1D /* DragDropTests.swift in Sources */,
			);
			runOnlyForDeploymentPostprocessing = 0;
		};
		09B0628A2BAC186500C79B1D /* Sources */ = {
			isa = PBXSourcesBuildPhase;
			buildActionMask = 2147483647;
			files = (
				09B062952BAC186500C79B1D /* DragDropUITestsLaunchTests.swift in Sources */,
				09B062932BAC186500C79B1D /* DragDropUITests.swift in Sources */,
			);
			runOnlyForDeploymentPostprocessing = 0;
		};
/* End PBXSourcesBuildPhase section */

/* Begin PBXTargetDependency section */
		09B062862BAC186500C79B1D /* PBXTargetDependency */ = {
			isa = PBXTargetDependency;
			target = 09B062712BAC186400C79B1D /* DragDrop */;
			targetProxy = 09B062852BAC186500C79B1D /* PBXContainerItemProxy */;
		};
		09B062902BAC186500C79B1D /* PBXTargetDependency */ = {
			isa = PBXTargetDependency;
			target = 09B062712BAC186400C79B1D /* DragDrop */;
			targetProxy = 09B0628F2BAC186500C79B1D /* PBXContainerItemProxy */;
		};
/* End PBXTargetDependency section */

/* Begin XCBuildConfiguration section */
		09B062962BAC186500C79B1D /* Debug */ = {
			isa = XCBuildConfiguration;
			buildSettings = {
				ALWAYS_SEARCH_USER_PATHS = NO;
				ASSETCATALOG_COMPILER_GENERATE_SWIFT_ASSET_SYMBOL_EXTENSIONS = YES;
				CLANG_ANALYZER_NONNULL = YES;
				CLANG_ANALYZER_NUMBER_OBJECT_CONVERSION = YES_AGGRESSIVE;
				CLANG_CXX_LANGUAGE_STANDARD = "gnu++20";
				CLANG_ENABLE_MODULES = YES;
				CLANG_ENABLE_OBJC_ARC = YES;
				CLANG_ENABLE_OBJC_WEAK = YES;
				CLANG_WARN_BLOCK_CAPTURE_AUTORELEASING = YES;
				CLANG_WARN_BOOL_CONVERSION = YES;
				CLANG_WARN_COMMA = YES;
				CLANG_WARN_CONSTANT_CONVERSION = YES;
				CLANG_WARN_DEPRECATED_OBJC_IMPLEMENTATIONS = YES;
				CLANG_WARN_DIRECT_OBJC_ISA_USAGE = YES_ERROR;
				CLANG_WARN_DOCUMENTATION_COMMENTS = YES;
				CLANG_WARN_EMPTY_BODY = YES;
				CLANG_WARN_ENUM_CONVERSION = YES;
				CLANG_WARN_INFINITE_RECURSION = YES;
				CLANG_WARN_INT_CONVERSION = YES;
				CLANG_WARN_NON_LITERAL_NULL_CONVERSION = YES;
				CLANG_WARN_OBJC_IMPLICIT_RETAIN_SELF = YES;
				CLANG_WARN_OBJC_LITERAL_CONVERSION = YES;
				CLANG_WARN_OBJC_ROOT_CLASS = YES_ERROR;
				CLANG_WARN_QUOTED_INCLUDE_IN_FRAMEWORK_HEADER = YES;
				CLANG_WARN_RANGE_LOOP_ANALYSIS = YES;
				CLANG_WARN_STRICT_PROTOTYPES = YES;
				CLANG_WARN_SUSPICIOUS_MOVE = YES;
				CLANG_WARN_UNGUARDED_AVAILABILITY = YES_AGGRESSIVE;
				CLANG_WARN_UNREACHABLE_CODE = YES;
				CLANG_WARN__DUPLICATE_METHOD_MATCH = YES;
				COPY_PHASE_STRIP = NO;
				DEBUG_INFORMATION_FORMAT = dwarf;
				ENABLE_STRICT_OBJC_MSGSEND = YES;
				ENABLE_TESTABILITY = YES;
				ENABLE_USER_SCRIPT_SANDBOXING = YES;
				GCC_C_LANGUAGE_STANDARD = gnu17;
				GCC_DYNAMIC_NO_PIC = NO;
				GCC_NO_COMMON_BLOCKS = YES;
				GCC_OPTIMIZATION_LEVEL = 0;
				GCC_PREPROCESSOR_DEFINITIONS = (
					"DEBUG=1",
					"$(inherited)",
				);
				GCC_WARN_64_TO_32_BIT_CONVERSION = YES;
				GCC_WARN_ABOUT_RETURN_TYPE = YES_ERROR;
				GCC_WARN_UNDECLARED_SELECTOR = YES;
				GCC_WARN_UNINITIALIZED_AUTOS = YES_AGGRESSIVE;
				GCC_WARN_UNUSED_FUNCTION = YES;
				GCC_WARN_UNUSED_VARIABLE = YES;
				IPHONEOS_DEPLOYMENT_TARGET = 17.4;
				LOCALIZATION_PREFERS_STRING_CATALOGS = YES;
				MTL_ENABLE_DEBUG_INFO = INCLUDE_SOURCE;
				MTL_FAST_MATH = YES;
				ONLY_ACTIVE_ARCH = YES;
				SDKROOT = iphoneos;
				SWIFT_ACTIVE_COMPILATION_CONDITIONS = "DEBUG $(inherited)";
				SWIFT_OPTIMIZATION_LEVEL = "-Onone";
			};
			name = Debug;
		};
		09B062972BAC186500C79B1D /* Release */ = {
			isa = XCBuildConfiguration;
			buildSettings = {
				ALWAYS_SEARCH_USER_PATHS = NO;
				ASSETCATALOG_COMPILER_GENERATE_SWIFT_ASSET_SYMBOL_EXTENSIONS = YES;
				CLANG_ANALYZER_NONNULL = YES;
				CLANG_ANALYZER_NUMBER_OBJECT_CONVERSION = YES_AGGRESSIVE;
				CLANG_CXX_LANGUAGE_STANDARD = "gnu++20";
				CLANG_ENABLE_MODULES = YES;
				CLANG_ENABLE_OBJC_ARC = YES;
				CLANG_ENABLE_OBJC_WEAK = YES;
				CLANG_WARN_BLOCK_CAPTURE_AUTORELEASING = YES;
				CLANG_WARN_BOOL_CONVERSION = YES;
				CLANG_WARN_COMMA = YES;
				CLANG_WARN_CONSTANT_CONVERSION = YES;
				CLANG_WARN_DEPRECATED_OBJC_IMPLEMENTATIONS = YES;
				CLANG_WARN_DIRECT_OBJC_ISA_USAGE = YES_ERROR;
				CLANG_WARN_DOCUMENTATION_COMMENTS = YES;
				CLANG_WARN_EMPTY_BODY = YES;
				CLANG_WARN_ENUM_CONVERSION = YES;
				CLANG_WARN_INFINITE_RECURSION = YES;
				CLANG_WARN_INT_CONVERSION = YES;
				CLANG_WARN_NON_LITERAL_NULL_CONVERSION = YES;
				CLANG_WARN_OBJC_IMPLICIT_RETAIN_SELF = YES;
				CLANG_WARN_OBJC_LITERAL_CONVERSION = YES;
				CLANG_WARN_OBJC_ROOT_CLASS = YES_ERROR;
				CLANG_WARN_QUOTED_INCLUDE_IN_FRAMEWORK_HEADER = YES;
				CLANG_WARN_RANGE_LOOP_ANALYSIS = YES;
				CLANG_WARN_STRICT_PROTOTYPES = YES;
				CLANG_WARN_SUSPICIOUS_MOVE = YES;
				CLANG_WARN_UNGUARDED_AVAILABILITY = YES_AGGRESSIVE;
				CLANG_WARN_UNREACHABLE_CODE = YES;
				CLANG_WARN__DUPLICATE_METHOD_MATCH = YES;
				COPY_PHASE_STRIP = NO;
				DEBUG_INFORMATION_FORMAT = "dwarf-with-dsym";
				ENABLE_NS_ASSERTIONS = NO;
				ENABLE_STRICT_OBJC_MSGSEND = YES;
				ENABLE_USER_SCRIPT_SANDBOXING = YES;
				GCC_C_LANGUAGE_STANDARD = gnu17;
				GCC_NO_COMMON_BLOCKS = YES;
				GCC_WARN_64_TO_32_BIT_CONVERSION = YES;
				GCC_WARN_ABOUT_RETURN_TYPE = YES_ERROR;
				GCC_WARN_UNDECLARED_SELECTOR = YES;
				GCC_WARN_UNINITIALIZED_AUTOS = YES_AGGRESSIVE;
				GCC_WARN_UNUSED_FUNCTION = YES;
				GCC_WARN_UNUSED_VARIABLE = YES;
				IPHONEOS_DEPLOYMENT_TARGET = 17.4;
				LOCALIZATION_PREFERS_STRING_CATALOGS = YES;
				MTL_ENABLE_DEBUG_INFO = NO;
				MTL_FAST_MATH = YES;
				SDKROOT = iphoneos;
				SWIFT_COMPILATION_MODE = wholemodule;
				VALIDATE_PRODUCT = YES;
			};
			name = Release;
		};
		09B062992BAC186500C79B1D /* Debug */ = {
			isa = XCBuildConfiguration;
			buildSettings = {
				ASSETCATALOG_COMPILER_APPICON_NAME = AppIcon;
				ASSETCATALOG_COMPILER_GLOBAL_ACCENT_COLOR_NAME = AccentColor;
				CODE_SIGN_STYLE = Automatic;
				CURRENT_PROJECT_VERSION = 1;
				DEVELOPMENT_ASSET_PATHS = "\"DragDrop/Preview Content\"";
				DEVELOPMENT_TEAM = 53DAD6BN6X;
				ENABLE_PREVIEWS = YES;
				GENERATE_INFOPLIST_FILE = YES;
				INFOPLIST_KEY_UIApplicationSceneManifest_Generation = YES;
				INFOPLIST_KEY_UIApplicationSupportsIndirectInputEvents = YES;
				INFOPLIST_KEY_UILaunchScreen_Generation = YES;
				INFOPLIST_KEY_UISupportedInterfaceOrientations_iPad = "UIInterfaceOrientationPortrait UIInterfaceOrientationPortraitUpsideDown UIInterfaceOrientationLandscapeLeft UIInterfaceOrientationLandscapeRight";
				INFOPLIST_KEY_UISupportedInterfaceOrientations_iPhone = "UIInterfaceOrientationPortrait UIInterfaceOrientationLandscapeLeft UIInterfaceOrientationLandscapeRight";
				LD_RUNPATH_SEARCH_PATHS = (
					"$(inherited)",
					"@executable_path/Frameworks",
				);
				MARKETING_VERSION = 1.0;
				PRODUCT_BUNDLE_IDENTIFIER = com.sujileelea.DragDrop;
				PRODUCT_NAME = "$(TARGET_NAME)";
				SWIFT_EMIT_LOC_STRINGS = YES;
				SWIFT_VERSION = 5.0;
				TARGETED_DEVICE_FAMILY = "1,2";
			};
			name = Debug;
		};
		09B0629A2BAC186500C79B1D /* Release */ = {
			isa = XCBuildConfiguration;
			buildSettings = {
				ASSETCATALOG_COMPILER_APPICON_NAME = AppIcon;
				ASSETCATALOG_COMPILER_GLOBAL_ACCENT_COLOR_NAME = AccentColor;
				CODE_SIGN_STYLE = Automatic;
				CURRENT_PROJECT_VERSION = 1;
				DEVELOPMENT_ASSET_PATHS = "\"DragDrop/Preview Content\"";
				DEVELOPMENT_TEAM = 53DAD6BN6X;
				ENABLE_PREVIEWS = YES;
				GENERATE_INFOPLIST_FILE = YES;
				INFOPLIST_KEY_UIApplicationSceneManifest_Generation = YES;
				INFOPLIST_KEY_UIApplicationSupportsIndirectInputEvents = YES;
				INFOPLIST_KEY_UILaunchScreen_Generation = YES;
				INFOPLIST_KEY_UISupportedInterfaceOrientations_iPad = "UIInterfaceOrientationPortrait UIInterfaceOrientationPortraitUpsideDown UIInterfaceOrientationLandscapeLeft UIInterfaceOrientationLandscapeRight";
				INFOPLIST_KEY_UISupportedInterfaceOrientations_iPhone = "UIInterfaceOrientationPortrait UIInterfaceOrientationLandscapeLeft UIInterfaceOrientationLandscapeRight";
				LD_RUNPATH_SEARCH_PATHS = (
					"$(inherited)",
					"@executable_path/Frameworks",
				);
				MARKETING_VERSION = 1.0;
				PRODUCT_BUNDLE_IDENTIFIER = com.sujileelea.DragDrop;
				PRODUCT_NAME = "$(TARGET_NAME)";
				SWIFT_EMIT_LOC_STRINGS = YES;
				SWIFT_VERSION = 5.0;
				TARGETED_DEVICE_FAMILY = "1,2";
			};
			name = Release;
		};
		09B0629C2BAC186500C79B1D /* Debug */ = {
			isa = XCBuildConfiguration;
			buildSettings = {
				ALWAYS_EMBED_SWIFT_STANDARD_LIBRARIES = YES;
				BUNDLE_LOADER = "$(TEST_HOST)";
				CODE_SIGN_STYLE = Automatic;
				CURRENT_PROJECT_VERSION = 1;
				DEVELOPMENT_TEAM = 53DAD6BN6X;
				GENERATE_INFOPLIST_FILE = YES;
				IPHONEOS_DEPLOYMENT_TARGET = 17.4;
				MARKETING_VERSION = 1.0;
				PRODUCT_BUNDLE_IDENTIFIER = com.sujileelea.DragDropTests;
				PRODUCT_NAME = "$(TARGET_NAME)";
				SWIFT_EMIT_LOC_STRINGS = NO;
				SWIFT_VERSION = 5.0;
				TARGETED_DEVICE_FAMILY = "1,2";
				TEST_HOST = "$(BUILT_PRODUCTS_DIR)/DragDrop.app/$(BUNDLE_EXECUTABLE_FOLDER_PATH)/DragDrop";
			};
			name = Debug;
		};
		09B0629D2BAC186500C79B1D /* Release */ = {
			isa = XCBuildConfiguration;
			buildSettings = {
				ALWAYS_EMBED_SWIFT_STANDARD_LIBRARIES = YES;
				BUNDLE_LOADER = "$(TEST_HOST)";
				CODE_SIGN_STYLE = Automatic;
				CURRENT_PROJECT_VERSION = 1;
				DEVELOPMENT_TEAM = 53DAD6BN6X;
				GENERATE_INFOPLIST_FILE = YES;
				IPHONEOS_DEPLOYMENT_TARGET = 17.4;
				MARKETING_VERSION = 1.0;
				PRODUCT_BUNDLE_IDENTIFIER = com.sujileelea.DragDropTests;
				PRODUCT_NAME = "$(TARGET_NAME)";
				SWIFT_EMIT_LOC_STRINGS = NO;
				SWIFT_VERSION = 5.0;
				TARGETED_DEVICE_FAMILY = "1,2";
				TEST_HOST = "$(BUILT_PRODUCTS_DIR)/DragDrop.app/$(BUNDLE_EXECUTABLE_FOLDER_PATH)/DragDrop";
			};
			name = Release;
		};
		09B0629F2BAC186500C79B1D /* Debug */ = {
			isa = XCBuildConfiguration;
			buildSettings = {
				ALWAYS_EMBED_SWIFT_STANDARD_LIBRARIES = YES;
				CODE_SIGN_STYLE = Automatic;
				CURRENT_PROJECT_VERSION = 1;
				DEVELOPMENT_TEAM = 53DAD6BN6X;
				GENERATE_INFOPLIST_FILE = YES;
				MARKETING_VERSION = 1.0;
				PRODUCT_BUNDLE_IDENTIFIER = com.sujileelea.DragDropUITests;
				PRODUCT_NAME = "$(TARGET_NAME)";
				SWIFT_EMIT_LOC_STRINGS = NO;
				SWIFT_VERSION = 5.0;
				TARGETED_DEVICE_FAMILY = "1,2";
				TEST_TARGET_NAME = DragDrop;
			};
			name = Debug;
		};
		09B062A02BAC186500C79B1D /* Release */ = {
			isa = XCBuildConfiguration;
			buildSettings = {
				ALWAYS_EMBED_SWIFT_STANDARD_LIBRARIES = YES;
				CODE_SIGN_STYLE = Automatic;
				CURRENT_PROJECT_VERSION = 1;
				DEVELOPMENT_TEAM = 53DAD6BN6X;
				GENERATE_INFOPLIST_FILE = YES;
				MARKETING_VERSION = 1.0;
				PRODUCT_BUNDLE_IDENTIFIER = com.sujileelea.DragDropUITests;
				PRODUCT_NAME = "$(TARGET_NAME)";
				SWIFT_EMIT_LOC_STRINGS = NO;
				SWIFT_VERSION = 5.0;
				TARGETED_DEVICE_FAMILY = "1,2";
				TEST_TARGET_NAME = DragDrop;
			};
			name = Release;
		};
/* End XCBuildConfiguration section */

/* Begin XCConfigurationList section */
		09B0626D2BAC186400C79B1D /* Build configuration list for PBXProject "DragDrop" */ = {
			isa = XCConfigurationList;
			buildConfigurations = (
				09B062962BAC186500C79B1D /* Debug */,
				09B062972BAC186500C79B1D /* Release */,
			);
			defaultConfigurationIsVisible = 0;
			defaultConfigurationName = Release;
		};
		09B062982BAC186500C79B1D /* Build configuration list for PBXNativeTarget "DragDrop" */ = {
			isa = XCConfigurationList;
			buildConfigurations = (
				09B062992BAC186500C79B1D /* Debug */,
				09B0629A2BAC186500C79B1D /* Release */,
			);
			defaultConfigurationIsVisible = 0;
			defaultConfigurationName = Release;
		};
		09B0629B2BAC186500C79B1D /* Build configuration list for PBXNativeTarget "DragDropTests" */ = {
			isa = XCConfigurationList;
			buildConfigurations = (
				09B0629C2BAC186500C79B1D /* Debug */,
				09B0629D2BAC186500C79B1D /* Release */,
			);
			defaultConfigurationIsVisible = 0;
			defaultConfigurationName = Release;
		};
		09B0629E2BAC186500C79B1D /* Build configuration list for PBXNativeTarget "DragDropUITests" */ = {
			isa = XCConfigurationList;
			buildConfigurations = (
				09B0629F2BAC186500C79B1D /* Debug */,
				09B062A02BAC186500C79B1D /* Release */,
			);
			defaultConfigurationIsVisible = 0;
			defaultConfigurationName = Release;
		};
/* End XCConfigurationList section */
	};
	rootObject = 09B0626A2BAC186400C79B1D /* Project object */;
}
